// !$*UTF8*$!
{
	archiveVersion = 1;
	classes = {
	};
	objectVersion = 56;
	objects = {

/* Begin PBXBuildFile section */
		9CD60D5A2BB311B3009D751C /* AppDelegate.swift in Sources */ = {isa = PBXBuildFile; fileRef = 9CD60D592BB311B3009D751C /* AppDelegate.swift */; };
		9CD60D5C2BB311B3009D751C /* SceneDelegate.swift in Sources */ = {isa = PBXBuildFile; fileRef = 9CD60D5B2BB311B3009D751C /* SceneDelegate.swift */; };
		9CD60D632BB311B4009D751C /* Assets.xcassets in Resources */ = {isa = PBXBuildFile; fileRef = 9CD60D622BB311B4009D751C /* Assets.xcassets */; };
		9CD60D662BB311B4009D751C /* Base in Resources */ = {isa = PBXBuildFile; fileRef = 9CD60D652BB311B4009D751C /* Base */; };
		9CD60D722BB327B0009D751C /* ServiceCell.swift in Sources */ = {isa = PBXBuildFile; fileRef = 9CD60D712BB327B0009D751C /* ServiceCell.swift */; };
		9CD60D742BB33B2A009D751C /* ServicesTableTableViewController.swift in Sources */ = {isa = PBXBuildFile; fileRef = 9CD60D732BB33B2A009D751C /* ServicesTableTableViewController.swift */; };
		9CEF649F2BB417C700450CBB /* NetClient.swift in Sources */ = {isa = PBXBuildFile; fileRef = 9CEF649E2BB417C700450CBB /* NetClient.swift */; };
		9CEF64A12BB42BA300450CBB /* ServiceStructure.swift in Sources */ = {isa = PBXBuildFile; fileRef = 9CEF64A02BB42BA300450CBB /* ServiceStructure.swift */; };
/* End PBXBuildFile section */

/* Begin PBXFileReference section */
		9CD60D562BB311B3009D751C /* ServiceInfoApp.app */ = {isa = PBXFileReference; explicitFileType = wrapper.application; includeInIndex = 0; path = ServiceInfoApp.app; sourceTree = BUILT_PRODUCTS_DIR; };
		9CD60D592BB311B3009D751C /* AppDelegate.swift */ = {isa = PBXFileReference; lastKnownFileType = sourcecode.swift; path = AppDelegate.swift; sourceTree = "<group>"; };
		9CD60D5B2BB311B3009D751C /* SceneDelegate.swift */ = {isa = PBXFileReference; lastKnownFileType = sourcecode.swift; path = SceneDelegate.swift; sourceTree = "<group>"; };
		9CD60D622BB311B4009D751C /* Assets.xcassets */ = {isa = PBXFileReference; lastKnownFileType = folder.assetcatalog; path = Assets.xcassets; sourceTree = "<group>"; };
		9CD60D652BB311B4009D751C /* Base */ = {isa = PBXFileReference; lastKnownFileType = file.storyboard; name = Base; path = Base.lproj/LaunchScreen.storyboard; sourceTree = "<group>"; };
		9CD60D672BB311B4009D751C /* Info.plist */ = {isa = PBXFileReference; lastKnownFileType = text.plist.xml; path = Info.plist; sourceTree = "<group>"; };
		9CD60D712BB327B0009D751C /* ServiceCell.swift */ = {isa = PBXFileReference; lastKnownFileType = sourcecode.swift; path = ServiceCell.swift; sourceTree = "<group>"; };
		9CD60D732BB33B2A009D751C /* ServicesTableTableViewController.swift */ = {isa = PBXFileReference; lastKnownFileType = sourcecode.swift; path = ServicesTableTableViewController.swift; sourceTree = "<group>"; };
		9CEF649E2BB417C700450CBB /* NetClient.swift */ = {isa = PBXFileReference; lastKnownFileType = sourcecode.swift; path = NetClient.swift; sourceTree = "<group>"; };
		9CEF64A02BB42BA300450CBB /* ServiceStructure.swift */ = {isa = PBXFileReference; lastKnownFileType = sourcecode.swift; path = ServiceStructure.swift; sourceTree = "<group>"; };
/* End PBXFileReference section */

/* Begin PBXFrameworksBuildPhase section */
		9CD60D532BB311B3009D751C /* Frameworks */ = {
			isa = PBXFrameworksBuildPhase;
			buildActionMask = 2147483647;
			files = (
			);
			runOnlyForDeploymentPostprocessing = 0;
		};
/* End PBXFrameworksBuildPhase section */

/* Begin PBXGroup section */
		9CD60D4D2BB311B3009D751C = {
			isa = PBXGroup;
			children = (
				9CD60D582BB311B3009D751C /* ServiceInfoApp */,
				9CD60D572BB311B3009D751C /* Products */,
			);
			sourceTree = "<group>";
		};
		9CD60D572BB311B3009D751C /* Products */ = {
			isa = PBXGroup;
			children = (
				9CD60D562BB311B3009D751C /* ServiceInfoApp.app */,
			);
			name = Products;
			sourceTree = "<group>";
		};
		9CD60D582BB311B3009D751C /* ServiceInfoApp */ = {
			isa = PBXGroup;
			children = (
				9CD60D592BB311B3009D751C /* AppDelegate.swift */,
				9CD60D5B2BB311B3009D751C /* SceneDelegate.swift */,
				9CD60D712BB327B0009D751C /* ServiceCell.swift */,
				9CD60D732BB33B2A009D751C /* ServicesTableTableViewController.swift */,
				9CEF649E2BB417C700450CBB /* NetClient.swift */,
				9CD60D622BB311B4009D751C /* Assets.xcassets */,
				9CD60D642BB311B4009D751C /* LaunchScreen.storyboard */,
				9CD60D672BB311B4009D751C /* Info.plist */,
				9CEF64A02BB42BA300450CBB /* ServiceStructure.swift */,
			);
			path = ServiceInfoApp;
			sourceTree = "<group>";
		};
/* End PBXGroup section */

/* Begin PBXNativeTarget section */
		9CD60D552BB311B3009D751C /* ServiceInfoApp */ = {
			isa = PBXNativeTarget;
			buildConfigurationList = 9CD60D6A2BB311B4009D751C /* Build configuration list for PBXNativeTarget "ServiceInfoApp" */;
			buildPhases = (
				9CD60D522BB311B3009D751C /* Sources */,
				9CD60D532BB311B3009D751C /* Frameworks */,
				9CD60D542BB311B3009D751C /* Resources */,
			);
			buildRules = (
			);
			dependencies = (
			);
			name = ServiceInfoApp;
			productName = ServiceInfoApp;
			productReference = 9CD60D562BB311B3009D751C /* ServiceInfoApp.app */;
			productType = "com.apple.product-type.application";
		};
/* End PBXNativeTarget section */

/* Begin PBXProject section */
		9CD60D4E2BB311B3009D751C /* Project object */ = {
			isa = PBXProject;
			attributes = {
				BuildIndependentTargetsInParallel = 1;
				LastSwiftUpdateCheck = 1530;
				LastUpgradeCheck = 1530;
				TargetAttributes = {
					9CD60D552BB311B3009D751C = {
						CreatedOnToolsVersion = 15.3;
					};
				};
			};
			buildConfigurationList = 9CD60D512BB311B3009D751C /* Build configuration list for PBXProject "ServiceInfoApp" */;
			compatibilityVersion = "Xcode 14.0";
			developmentRegion = en;
			hasScannedForEncodings = 0;
			knownRegions = (
				en,
				Base,
			);
			mainGroup = 9CD60D4D2BB311B3009D751C;
			productRefGroup = 9CD60D572BB311B3009D751C /* Products */;
			projectDirPath = "";
			projectRoot = "";
			targets = (
				9CD60D552BB311B3009D751C /* ServiceInfoApp */,
			);
		};
/* End PBXProject section */

/* Begin PBXResourcesBuildPhase section */
		9CD60D542BB311B3009D751C /* Resources */ = {
			isa = PBXResourcesBuildPhase;
			buildActionMask = 2147483647;
			files = (
				9CD60D632BB311B4009D751C /* Assets.xcassets in Resources */,
				9CD60D662BB311B4009D751C /* Base in Resources */,
			);
			runOnlyForDeploymentPostprocessing = 0;
		};
/* End PBXResourcesBuildPhase section */

/* Begin PBXSourcesBuildPhase section */
		9CD60D522BB311B3009D751C /* Sources */ = {
			isa = PBXSourcesBuildPhase;
			buildActionMask = 2147483647;
			files = (
				9CD60D742BB33B2A009D751C /* ServicesTableTableViewController.swift in Sources */,
				9CEF64A12BB42BA300450CBB /* ServiceStructure.swift in Sources */,
				9CD60D722BB327B0009D751C /* ServiceCell.swift in Sources */,
				9CD60D5A2BB311B3009D751C /* AppDelegate.swift in Sources */,
				9CD60D5C2BB311B3009D751C /* SceneDelegate.swift in Sources */,
				9CEF649F2BB417C700450CBB /* NetClient.swift in Sources */,
			);
			runOnlyForDeploymentPostprocessing = 0;
		};
/* End PBXSourcesBuildPhase section */

/* Begin PBXVariantGroup section */
		9CD60D642BB311B4009D751C /* LaunchScreen.storyboard */ = {
			isa = PBXVariantGroup;
			children = (
				9CD60D652BB311B4009D751C /* Base */,
			);
			name = LaunchScreen.storyboard;
			sourceTree = "<group>";
		};
/* End PBXVariantGroup section */

/* Begin XCBuildConfiguration section */
		9CD60D682BB311B4009D751C /* Debug */ = {
			isa = XCBuildConfiguration;
			buildSettings = {
				ALWAYS_SEARCH_USER_PATHS = NO;
				ASSETCATALOG_COMPILER_GENERATE_SWIFT_ASSET_SYMBOL_EXTENSIONS = YES;
				CLANG_ANALYZER_NONNULL = YES;
				CLANG_ANALYZER_NUMBER_OBJECT_CONVERSION = YES_AGGRESSIVE;
				CLANG_CXX_LANGUAGE_STANDARD = "gnu++20";
				CLANG_ENABLE_MODULES = YES;
				CLANG_ENABLE_OBJC_ARC = YES;
				CLANG_ENABLE_OBJC_WEAK = YES;
				CLANG_WARN_BLOCK_CAPTURE_AUTORELEASING = YES;
				CLANG_WARN_BOOL_CONVERSION = YES;
				CLANG_WARN_COMMA = YES;
				CLANG_WARN_CONSTANT_CONVERSION = YES;
				CLANG_WARN_DEPRECATED_OBJC_IMPLEMENTATIONS = YES;
				CLANG_WARN_DIRECT_OBJC_ISA_USAGE = YES_ERROR;
				CLANG_WARN_DOCUMENTATION_COMMENTS = YES;
				CLANG_WARN_EMPTY_BODY = YES;
				CLANG_WARN_ENUM_CONVERSION = YES;
				CLANG_WARN_INFINITE_RECURSION = YES;
				CLANG_WARN_INT_CONVERSION = YES;
				CLANG_WARN_NON_LITERAL_NULL_CONVERSION = YES;
				CLANG_WARN_OBJC_IMPLICIT_RETAIN_SELF = YES;
				CLANG_WARN_OBJC_LITERAL_CONVERSION = YES;
				CLANG_WARN_OBJC_ROOT_CLASS = YES_ERROR;
				CLANG_WARN_QUOTED_INCLUDE_IN_FRAMEWORK_HEADER = YES;
				CLANG_WARN_RANGE_LOOP_ANALYSIS = YES;
				CLANG_WARN_STRICT_PROTOTYPES = YES;
				CLANG_WARN_SUSPICIOUS_MOVE = YES;
				CLANG_WARN_UNGUARDED_AVAILABILITY = YES_AGGRESSIVE;
				CLANG_WARN_UNREACHABLE_CODE = YES;
				CLANG_WARN__DUPLICATE_METHOD_MATCH = YES;
				COPY_PHASE_STRIP = NO;
				DEBUG_INFORMATION_FORMAT = dwarf;
				ENABLE_STRICT_OBJC_MSGSEND = YES;
				ENABLE_TESTABILITY = YES;
				ENABLE_USER_SCRIPT_SANDBOXING = YES;
				GCC_C_LANGUAGE_STANDARD = gnu17;
				GCC_DYNAMIC_NO_PIC = NO;
				GCC_NO_COMMON_BLOCKS = YES;
				GCC_OPTIMIZATION_LEVEL = 0;
				GCC_PREPROCESSOR_DEFINITIONS = (
					"DEBUG=1",
					"$(inherited)",
				);
				GCC_WARN_64_TO_32_BIT_CONVERSION = YES;
				GCC_WARN_ABOUT_RETURN_TYPE = YES_ERROR;
				GCC_WARN_UNDECLARED_SELECTOR = YES;
				GCC_WARN_UNINITIALIZED_AUTOS = YES_AGGRESSIVE;
				GCC_WARN_UNUSED_FUNCTION = YES;
				GCC_WARN_UNUSED_VARIABLE = YES;
				IPHONEOS_DEPLOYMENT_TARGET = 17.4;
				LOCALIZATION_PREFERS_STRING_CATALOGS = YES;
				MTL_ENABLE_DEBUG_INFO = INCLUDE_SOURCE;
				MTL_FAST_MATH = YES;
				ONLY_ACTIVE_ARCH = YES;
				SDKROOT = iphoneos;
				SWIFT_ACTIVE_COMPILATION_CONDITIONS = "DEBUG $(inherited)";
				SWIFT_OPTIMIZATION_LEVEL = "-Onone";
			};
			name = Debug;
		};
		9CD60D692BB311B4009D751C /* Release */ = {
			isa = XCBuildConfiguration;
			buildSettings = {
				ALWAYS_SEARCH_USER_PATHS = NO;
				ASSETCATALOG_COMPILER_GENERATE_SWIFT_ASSET_SYMBOL_EXTENSIONS = YES;
				CLANG_ANALYZER_NONNULL = YES;
				CLANG_ANALYZER_NUMBER_OBJECT_CONVERSION = YES_AGGRESSIVE;
				CLANG_CXX_LANGUAGE_STANDARD = "gnu++20";
				CLANG_ENABLE_MODULES = YES;
				CLANG_ENABLE_OBJC_ARC = YES;
				CLANG_ENABLE_OBJC_WEAK = YES;
				CLANG_WARN_BLOCK_CAPTURE_AUTORELEASING = YES;
				CLANG_WARN_BOOL_CONVERSION = YES;
				CLANG_WARN_COMMA = YES;
				CLANG_WARN_CONSTANT_CONVERSION = YES;
				CLANG_WARN_DEPRECATED_OBJC_IMPLEMENTATIONS = YES;
				CLANG_WARN_DIRECT_OBJC_ISA_USAGE = YES_ERROR;
				CLANG_WARN_DOCUMENTATION_COMMENTS = YES;
				CLANG_WARN_EMPTY_BODY = YES;
				CLANG_WARN_ENUM_CONVERSION = YES;
				CLANG_WARN_INFINITE_RECURSION = YES;
				CLANG_WARN_INT_CONVERSION = YES;
				CLANG_WARN_NON_LITERAL_NULL_CONVERSION = YES;
				CLANG_WARN_OBJC_IMPLICIT_RETAIN_SELF = YES;
				CLANG_WARN_OBJC_LITERAL_CONVERSION = YES;
				CLANG_WARN_OBJC_ROOT_CLASS = YES_ERROR;
				CLANG_WARN_QUOTED_INCLUDE_IN_FRAMEWORK_HEADER = YES;
				CLANG_WARN_RANGE_LOOP_ANALYSIS = YES;
				CLANG_WARN_STRICT_PROTOTYPES = YES;
				CLANG_WARN_SUSPICIOUS_MOVE = YES;
				CLANG_WARN_UNGUARDED_AVAILABILITY = YES_AGGRESSIVE;
				CLANG_WARN_UNREACHABLE_CODE = YES;
				CLANG_WARN__DUPLICATE_METHOD_MATCH = YES;
				COPY_PHASE_STRIP = NO;
				DEBUG_INFORMATION_FORMAT = "dwarf-with-dsym";
				ENABLE_NS_ASSERTIONS = NO;
				ENABLE_STRICT_OBJC_MSGSEND = YES;
				ENABLE_USER_SCRIPT_SANDBOXING = YES;
				GCC_C_LANGUAGE_STANDARD = gnu17;
				GCC_NO_COMMON_BLOCKS = YES;
				GCC_WARN_64_TO_32_BIT_CONVERSION = YES;
				GCC_WARN_ABOUT_RETURN_TYPE = YES_ERROR;
				GCC_WARN_UNDECLARED_SELECTOR = YES;
				GCC_WARN_UNINITIALIZED_AUTOS = YES_AGGRESSIVE;
				GCC_WARN_UNUSED_FUNCTION = YES;
				GCC_WARN_UNUSED_VARIABLE = YES;
				IPHONEOS_DEPLOYMENT_TARGET = 17.4;
				LOCALIZATION_PREFERS_STRING_CATALOGS = YES;
				MTL_ENABLE_DEBUG_INFO = NO;
				MTL_FAST_MATH = YES;
				SDKROOT = iphoneos;
				SWIFT_COMPILATION_MODE = wholemodule;
				VALIDATE_PRODUCT = YES;
			};
			name = Release;
		};
		9CD60D6B2BB311B4009D751C /* Debug */ = {
			isa = XCBuildConfiguration;
			buildSettings = {
				ASSETCATALOG_COMPILER_APPICON_NAME = AppIcon;
				ASSETCATALOG_COMPILER_GLOBAL_ACCENT_COLOR_NAME = AccentColor;
				CODE_SIGN_STYLE = Automatic;
				CURRENT_PROJECT_VERSION = 1;
				DEVELOPMENT_TEAM = DR4CL7C7Q4;
				GENERATE_INFOPLIST_FILE = YES;
				INFOPLIST_FILE = ServiceInfoApp/Info.plist;
				INFOPLIST_KEY_UIApplicationSupportsIndirectInputEvents = YES;
				INFOPLIST_KEY_UILaunchStoryboardName = LaunchScreen;
				INFOPLIST_KEY_UISupportedInterfaceOrientations_iPad = "UIInterfaceOrientationPortrait UIInterfaceOrientationPortraitUpsideDown UIInterfaceOrientationLandscapeLeft UIInterfaceOrientationLandscapeRight";
				INFOPLIST_KEY_UISupportedInterfaceOrientations_iPhone = "UIInterfaceOrientationPortrait UIInterfaceOrientationLandscapeLeft UIInterfaceOrientationLandscapeRight";
				LD_RUNPATH_SEARCH_PATHS = (
					"$(inherited)",
					"@executable_path/Frameworks",
				);
				MARKETING_VERSION = 1.0;
				PRODUCT_BUNDLE_IDENTIFIER = com.ilyaszhanaev.ServiceInfoApp;
				PRODUCT_NAME = "$(TARGET_NAME)";
				SWIFT_EMIT_LOC_STRINGS = YES;
				SWIFT_VERSION = 5.0;
				TARGETED_DEVICE_FAMILY = "1,2";
			};
			name = Debug;
		};
		9CD60D6C2BB311B4009D751C /* Release */ = {
			isa = XCBuildConfiguration;
			buildSettings = {
				ASSETCATALOG_COMPILER_APPICON_NAME = AppIcon;
				ASSETCATALOG_COMPILER_GLOBAL_ACCENT_COLOR_NAME = AccentColor;
				CODE_SIGN_STYLE = Automatic;
				CURRENT_PROJECT_VERSION = 1;
				DEVELOPMENT_TEAM = DR4CL7C7Q4;
				GENERATE_INFOPLIST_FILE = YES;
				INFOPLIST_FILE = ServiceInfoApp/Info.plist;
				INFOPLIST_KEY_UIApplicationSupportsIndirectInputEvents = YES;
				INFOPLIST_KEY_UILaunchStoryboardName = LaunchScreen;
				INFOPLIST_KEY_UISupportedInterfaceOrientations_iPad = "UIInterfaceOrientationPortrait UIInterfaceOrientationPortraitUpsideDown UIInterfaceOrientationLandscapeLeft UIInterfaceOrientationLandscapeRight";
				INFOPLIST_KEY_UISupportedInterfaceOrientations_iPhone = "UIInterfaceOrientationPortrait UIInterfaceOrientationLandscapeLeft UIInterfaceOrientationLandscapeRight";
				LD_RUNPATH_SEARCH_PATHS = (
					"$(inherited)",
					"@executable_path/Frameworks",
				);
				MARKETING_VERSION = 1.0;
				PRODUCT_BUNDLE_IDENTIFIER = com.ilyaszhanaev.ServiceInfoApp;
				PRODUCT_NAME = "$(TARGET_NAME)";
				SWIFT_EMIT_LOC_STRINGS = YES;
				SWIFT_VERSION = 5.0;
				TARGETED_DEVICE_FAMILY = "1,2";
			};
			name = Release;
		};
/* End XCBuildConfiguration section */

/* Begin XCConfigurationList section */
		9CD60D512BB311B3009D751C /* Build configuration list for PBXProject "ServiceInfoApp" */ = {
			isa = XCConfigurationList;
			buildConfigurations = (
				9CD60D682BB311B4009D751C /* Debug */,
				9CD60D692BB311B4009D751C /* Release */,
			);
			defaultConfigurationIsVisible = 0;
			defaultConfigurationName = Release;
		};
		9CD60D6A2BB311B4009D751C /* Build configuration list for PBXNativeTarget "ServiceInfoApp" */ = {
			isa = XCConfigurationList;
			buildConfigurations = (
				9CD60D6B2BB311B4009D751C /* Debug */,
				9CD60D6C2BB311B4009D751C /* Release */,
			);
			defaultConfigurationIsVisible = 0;
			defaultConfigurationName = Release;
		};
/* End XCConfigurationList section */
	};
	rootObject = 9CD60D4E2BB311B3009D751C /* Project object */;
}
